
Microsoft Visual Studio Solution File, Format Version 12.00
# Visual Studio Version 16
VisualStudioVersion = 16.0.29411.108
MinimumVisualStudioVersion = 10.0.40219.1
Project("{9A19103F-16F7-4668-BE54-9A1E7A4F7556}") = "FeedTheCrowd", "FeedTheCrowd.csproj", "{1EF8C202-3C29-46EF-A5CA-BEF1EBD62883}"
EndProject
Project("{9A19103F-16F7-4668-BE54-9A1E7A4F7556}") = "XUnitTests", "..\XUnitTests\XUnitTests.csproj", "{D092427A-A80E-4CD8-92D3-5BF58B316D06}"
EndProject
Global
	GlobalSection(SolutionConfigurationPlatforms) = preSolution
		Debug|Any CPU = Debug|Any CPU
		Release|Any CPU = Release|Any CPU
	EndGlobalSection
	GlobalSection(ProjectConfigurationPlatforms) = postSolution
		{1EF8C202-3C29-46EF-A5CA-BEF1EBD62883}.Debug|Any CPU.ActiveCfg = Debug|Any CPU
		{1EF8C202-3C29-46EF-A5CA-BEF1EBD62883}.Debug|Any CPU.Build.0 = Debug|Any CPU
		{1EF8C202-3C29-46EF-A5CA-BEF1EBD62883}.Release|Any CPU.ActiveCfg = Release|Any CPU
		{1EF8C202-3C29-46EF-A5CA-BEF1EBD62883}.Release|Any CPU.Build.0 = Release|Any CPU
		{D092427A-A80E-4CD8-92D3-5BF58B316D06}.Debug|Any CPU.ActiveCfg = Debug|Any CPU
		{D092427A-A80E-4CD8-92D3-5BF58B316D06}.Debug|Any CPU.Build.0 = Debug|Any CPU
		{D092427A-A80E-4CD8-92D3-5BF58B316D06}.Release|Any CPU.ActiveCfg = Release|Any CPU
		{D092427A-A80E-4CD8-92D3-5BF58B316D06}.Release|Any CPU.Build.0 = Release|Any CPU
	EndGlobalSection
	GlobalSection(SolutionProperties) = preSolution
		HideSolutionNode = FALSE
	EndGlobalSection
	GlobalSection(ExtensibilityGlobals) = postSolution
		SolutionGuid = {9CB9D6EA-5D28-4B7E-8C01-EBCFECB954BD}
	EndGlobalSection
EndGlobal
